PODS:
  - AnobiKit (0.12.3):
    - AnobiKit/AKCoding (= 0.12.3)
    - AnobiKit/AKCoreData (= 0.12.3)
    - AnobiKit/AKFormatters (= 0.12.3)
    - AnobiKit/AKFoundation (= 0.12.3)
    - AnobiKit/AKList (= 0.12.3)
    - AnobiKit/AKLocation (= 0.12.3)
    - AnobiKit/AKReachability (= 0.12.3)
    - AnobiKit/AKStrings (= 0.12.3)
  - AnobiKit/AKCoding (0.12.3):
    - AnobiKit/AKFoundation
  - AnobiKit/AKCoreData (0.12.3)
  - AnobiKit/AKFormatters (0.12.3)
  - AnobiKit/AKFoundation (0.12.3)
  - AnobiKit/AKList (0.12.3):
    - AnobiKit/AKFoundation
  - AnobiKit/AKLocation (0.12.3):
    - AnobiKit/AKFoundation
  - AnobiKit/AKReachability (0.12.3)
  - AnobiKit/AKStrings (0.12.3)

DEPENDENCIES:
  - AnobiKit (from `../`)

EXTERNAL SOURCES:
  AnobiKit:
    :path: "../"

SPEC CHECKSUMS:
  AnobiKit: a30fdc77f907e01a0324088daa9bfe493611a359

PODFILE CHECKSUM: d37386117624e983b32d53943a3cdda172c25ae3

COCOAPODS: 1.5.3
