PODS:
  - AnobiKit (0.11.0):
    - AnobiKit/AKCoding (= 0.11.0)
    - AnobiKit/AKCoreData (= 0.11.0)
    - AnobiKit/AKFormatters (= 0.11.0)
    - AnobiKit/AKFoundation (= 0.11.0)
    - AnobiKit/AKList (= 0.11.0)
    - AnobiKit/AKLocation (= 0.11.0)
    - AnobiKit/AKReachability (= 0.11.0)
    - AnobiKit/AKStrings (= 0.11.0)
  - AnobiKit/AKCoding (0.11.0):
    - AnobiKit/AKFoundation
  - AnobiKit/AKCoreData (0.11.0)
  - AnobiKit/AKFormatters (0.11.0)
  - AnobiKit/AKFoundation (0.11.0)
  - AnobiKit/AKList (0.11.0):
    - AnobiKit/AKFoundation
  - AnobiKit/AKLocation (0.11.0):
    - AnobiKit/AKFoundation
  - AnobiKit/AKReachability (0.11.0)
  - AnobiKit/AKStrings (0.11.0)

DEPENDENCIES:
  - AnobiKit (from `../`)

EXTERNAL SOURCES:
  AnobiKit:
    :path: "../"

SPEC CHECKSUMS:
  AnobiKit: 7f867f1229f31a968617450c00f41bc406e94a25

PODFILE CHECKSUM: 31b89d3550c221c934715a33bbe36fdbbbd3b5b9

COCOAPODS: 1.5.3
