// !$*UTF8*$!
{
	archiveVersion = 1;
	classes = {
	};
	objectVersion = 51;
	objects = {

/* Begin PBXBuildFile section */
		06670175588C0C820290303B /* Pods_AnobiKit_Example_iOS.framework in Frameworks */ = {isa = PBXBuildFile; fileRef = C2E95CE6B87131F2052D902F /* Pods_AnobiKit_Example_iOS.framework */; };
		6003F58E195388D20070C39A /* Foundation.framework in Frameworks */ = {isa = PBXBuildFile; fileRef = 6003F58D195388D20070C39A /* Foundation.framework */; };
		6003F590195388D20070C39A /* CoreGraphics.framework in Frameworks */ = {isa = PBXBuildFile; fileRef = 6003F58F195388D20070C39A /* CoreGraphics.framework */; };
		6003F592195388D20070C39A /* UIKit.framework in Frameworks */ = {isa = PBXBuildFile; fileRef = 6003F591195388D20070C39A /* UIKit.framework */; };
		6003F598195388D20070C39A /* InfoPlist.strings in Resources */ = {isa = PBXBuildFile; fileRef = 6003F596195388D20070C39A /* InfoPlist.strings */; };
		6003F59A195388D20070C39A /* main.m in Sources */ = {isa = PBXBuildFile; fileRef = 6003F599195388D20070C39A /* main.m */; };
		6003F59E195388D20070C39A /* AKAppDelegate.m in Sources */ = {isa = PBXBuildFile; fileRef = 6003F59D195388D20070C39A /* AKAppDelegate.m */; };
		6003F5B1195388D20070C39A /* Foundation.framework in Frameworks */ = {isa = PBXBuildFile; fileRef = 6003F58D195388D20070C39A /* Foundation.framework */; };
		6003F5B2195388D20070C39A /* UIKit.framework in Frameworks */ = {isa = PBXBuildFile; fileRef = 6003F591195388D20070C39A /* UIKit.framework */; };
		6003F5BA195388D20070C39A /* InfoPlist.strings in Resources */ = {isa = PBXBuildFile; fileRef = 6003F5B8195388D20070C39A /* InfoPlist.strings */; };
		6003F5BC195388D20070C39A /* NSStringsConcatenationTest.m in Sources */ = {isa = PBXBuildFile; fileRef = 6003F5BB195388D20070C39A /* NSStringsConcatenationTest.m */; };
		6A015C8E225CF45500982E0D /* Interface.storyboard in Resources */ = {isa = PBXBuildFile; fileRef = 6A015C8C225CF45500982E0D /* Interface.storyboard */; };
		6A015C97225CF45600982E0D /* AnobiKit_Example_watchOS Extension.appex in Embed App Extensions */ = {isa = PBXBuildFile; fileRef = 6A015C96225CF45500982E0D /* AnobiKit_Example_watchOS Extension.appex */; settings = {ATTRIBUTES = (RemoveHeadersOnCopy, ); }; };
		6A015CA0225CF45600982E0D /* ExtensionDelegate.m in Sources */ = {isa = PBXBuildFile; fileRef = 6A015C9F225CF45600982E0D /* ExtensionDelegate.m */; };
		6A015CAA225CF45700982E0D /* AnobiKit_Example_watchOS.app in Embed Watch Content */ = {isa = PBXBuildFile; fileRef = 6A015C8A225CF45400982E0D /* AnobiKit_Example_watchOS.app */; };
		6A015CB3225DD5C000982E0D /* NSStringsConcatenationTest.m in Sources */ = {isa = PBXBuildFile; fileRef = 6003F5BB195388D20070C39A /* NSStringsConcatenationTest.m */; };
		6A015CB4225DDAAA00982E0D /* AKListTest.m in Sources */ = {isa = PBXBuildFile; fileRef = 6A0C8E32220337470036207F /* AKListTest.m */; };
		6A015CB5225DDAAD00982E0D /* AKSubscriptTest.m in Sources */ = {isa = PBXBuildFile; fileRef = 6A26EDC9223FBED900EE81A3 /* AKSubscriptTest.m */; };
		6A015CB6225DDB1D00982E0D /* Info.plist in Resources */ = {isa = PBXBuildFile; fileRef = 6003F5B7195388D20070C39A /* Info.plist */; };
		6A015CB7225DDB1E00982E0D /* Info.plist in Resources */ = {isa = PBXBuildFile; fileRef = 6003F5B7195388D20070C39A /* Info.plist */; };
		6A015CBA225DDDCF00982E0D /* AKExample.m in Sources */ = {isa = PBXBuildFile; fileRef = 6A015CB9225DDDCF00982E0D /* AKExample.m */; };
		6A015CBD225DDE9700982E0D /* AKExample.m in Sources */ = {isa = PBXBuildFile; fileRef = 6A015CB9225DDDCF00982E0D /* AKExample.m */; };
		6A015CBE225DDE9A00982E0D /* AKExample.m in Sources */ = {isa = PBXBuildFile; fileRef = 6A015CB9225DDDCF00982E0D /* AKExample.m */; };
		6A015CBF225DE6BD00982E0D /* AKExampleConfig.plist in Resources */ = {isa = PBXBuildFile; fileRef = 6ACF197D1F7D34DC00712368 /* AKExampleConfig.plist */; };
		6A015CC0225DE6BE00982E0D /* AKExampleConfig.plist in Resources */ = {isa = PBXBuildFile; fileRef = 6ACF197D1F7D34DC00712368 /* AKExampleConfig.plist */; };
		6A0C8E33220337470036207F /* AKListTest.m in Sources */ = {isa = PBXBuildFile; fileRef = 6A0C8E32220337470036207F /* AKListTest.m */; };
		6A26EDCB223FBED900EE81A3 /* AKSubscriptTest.m in Sources */ = {isa = PBXBuildFile; fileRef = 6A26EDC9223FBED900EE81A3 /* AKSubscriptTest.m */; };
		6A940766225CB36A00FEF073 /* AKAppDelegate.m in Sources */ = {isa = PBXBuildFile; fileRef = 6A940765225CB36A00FEF073 /* AKAppDelegate.m */; };
		6A94076E225CB36B00FEF073 /* Main.storyboard in Resources */ = {isa = PBXBuildFile; fileRef = 6A94076C225CB36B00FEF073 /* Main.storyboard */; };
		6A940771225CB36B00FEF073 /* main.m in Sources */ = {isa = PBXBuildFile; fileRef = 6A940770225CB36B00FEF073 /* main.m */; };
		6AA3B68C1F38AEFB001D70DD /* XCTest.framework in Frameworks */ = {isa = PBXBuildFile; fileRef = 6AA3B68B1F38AEFB001D70DD /* XCTest.framework */; };
		6ACF197E1F7D34DC00712368 /* AKExampleConfig.plist in Resources */ = {isa = PBXBuildFile; fileRef = 6ACF197D1F7D34DC00712368 /* AKExampleConfig.plist */; };
		71719F9F1E33DC2100824A3D /* LaunchScreen.storyboard in Resources */ = {isa = PBXBuildFile; fileRef = 71719F9D1E33DC2100824A3D /* LaunchScreen.storyboard */; };
		7F22F6C8C63A08FA496D5AE8 /* Pods_AnobiKit_Example_macOS.framework in Frameworks */ = {isa = PBXBuildFile; fileRef = CBDA842D9B7360D746DE520A /* Pods_AnobiKit_Example_macOS.framework */; };
		81D2A156E35E43B1F3A700BA /* Pods_AnobiKit_Example_watchOS.framework in Frameworks */ = {isa = PBXBuildFile; fileRef = 76A7B17CF00113AC3D51878A /* Pods_AnobiKit_Example_watchOS.framework */; };
		873B8AEB1B1F5CCA007FD442 /* Main.storyboard in Resources */ = {isa = PBXBuildFile; fileRef = 873B8AEA1B1F5CCA007FD442 /* Main.storyboard */; };
		8C6A11D2C6A5E34747CCB6DA /* Pods_AnobiKit_Tests_iOS.framework in Frameworks */ = {isa = PBXBuildFile; fileRef = 60629CC50642A77A297A4C61 /* Pods_AnobiKit_Tests_iOS.framework */; };
		EA11BD2EBB780096883C03EA /* Pods_AnobiKit_Example_watchOS_Extension.framework in Frameworks */ = {isa = PBXBuildFile; fileRef = A29BCC50C76DBA8E389A4762 /* Pods_AnobiKit_Example_watchOS_Extension.framework */; };
		FF14E0D30776A16BB031693A /* Pods_AnobiKit_Tests_macOS.framework in Frameworks */ = {isa = PBXBuildFile; fileRef = 572F5872259E50309416D550 /* Pods_AnobiKit_Tests_macOS.framework */; };
/* End PBXBuildFile section */

/* Begin PBXContainerItemProxy section */
		6003F5B3195388D20070C39A /* PBXContainerItemProxy */ = {
			isa = PBXContainerItemProxy;
			containerPortal = 6003F582195388D10070C39A /* Project object */;
			proxyType = 1;
			remoteGlobalIDString = 6003F589195388D20070C39A;
			remoteInfo = AnobiKit;
		};
		6A015C98225CF45600982E0D /* PBXContainerItemProxy */ = {
			isa = PBXContainerItemProxy;
			containerPortal = 6003F582195388D10070C39A /* Project object */;
			proxyType = 1;
			remoteGlobalIDString = 6A015C95225CF45500982E0D;
			remoteInfo = "Example_watchOS Extension";
		};
		6A015CA8225CF45700982E0D /* PBXContainerItemProxy */ = {
			isa = PBXContainerItemProxy;
			containerPortal = 6003F582195388D10070C39A /* Project object */;
			proxyType = 1;
			remoteGlobalIDString = 6A015C89225CF45400982E0D;
			remoteInfo = Example_watchOS;
		};
		6A940778225CB36C00FEF073 /* PBXContainerItemProxy */ = {
			isa = PBXContainerItemProxy;
			containerPortal = 6003F582195388D10070C39A /* Project object */;
			proxyType = 1;
			remoteGlobalIDString = 6A940761225CB36900FEF073;
			remoteInfo = Example_macOS;
		};
/* End PBXContainerItemProxy section */

/* Begin PBXCopyFilesBuildPhase section */
		6A015CB0225CF45700982E0D /* Embed App Extensions */ = {
			isa = PBXCopyFilesBuildPhase;
			buildActionMask = 2147483647;
			dstPath = "";
			dstSubfolderSpec = 13;
			files = (
				6A015C97225CF45600982E0D /* AnobiKit_Example_watchOS Extension.appex in Embed App Extensions */,
			);
			name = "Embed App Extensions";
			runOnlyForDeploymentPostprocessing = 0;
		};
		6A015CB2225CF45700982E0D /* Embed Watch Content */ = {
			isa = PBXCopyFilesBuildPhase;
			buildActionMask = 2147483647;
			dstPath = "$(CONTENTS_FOLDER_PATH)/Watch";
			dstSubfolderSpec = 16;
			files = (
				6A015CAA225CF45700982E0D /* AnobiKit_Example_watchOS.app in Embed Watch Content */,
			);
			name = "Embed Watch Content";
			runOnlyForDeploymentPostprocessing = 0;
		};
/* End PBXCopyFilesBuildPhase section */

/* Begin PBXFileReference section */
		056E9B7084004F375EFC6604 /* Pods-AnobiKit_Example_watchOS Extension.release.xcconfig */ = {isa = PBXFileReference; includeInIndex = 1; lastKnownFileType = text.xcconfig; name = "Pods-AnobiKit_Example_watchOS Extension.release.xcconfig"; path = "Pods/Target Support Files/Pods-AnobiKit_Example_watchOS Extension/Pods-AnobiKit_Example_watchOS Extension.release.xcconfig"; sourceTree = "<group>"; };
		1C07732A05147DA8198E89D4 /* Pods-AnobiKit_Example.debug.xcconfig */ = {isa = PBXFileReference; includeInIndex = 1; lastKnownFileType = text.xcconfig; name = "Pods-AnobiKit_Example.debug.xcconfig"; path = "Pods/Target Support Files/Pods-AnobiKit_Example/Pods-AnobiKit_Example.debug.xcconfig"; sourceTree = "<group>"; };
		2B73284FC3CC1675FA95A4F4 /* Pods-AnobiKit_Example_iOS.release.xcconfig */ = {isa = PBXFileReference; includeInIndex = 1; lastKnownFileType = text.xcconfig; name = "Pods-AnobiKit_Example_iOS.release.xcconfig"; path = "Pods/Target Support Files/Pods-AnobiKit_Example_iOS/Pods-AnobiKit_Example_iOS.release.xcconfig"; sourceTree = "<group>"; };
		36AE0DF45D6BD35B101907AE /* Pods-AnobiKit_Tests_macOS.release.xcconfig */ = {isa = PBXFileReference; includeInIndex = 1; lastKnownFileType = text.xcconfig; name = "Pods-AnobiKit_Tests_macOS.release.xcconfig"; path = "Pods/Target Support Files/Pods-AnobiKit_Tests_macOS/Pods-AnobiKit_Tests_macOS.release.xcconfig"; sourceTree = "<group>"; };
		48833BB802318479E0596D4A /* Pods-AnobiKit_Example_watchOS.debug.xcconfig */ = {isa = PBXFileReference; includeInIndex = 1; lastKnownFileType = text.xcconfig; name = "Pods-AnobiKit_Example_watchOS.debug.xcconfig"; path = "Pods/Target Support Files/Pods-AnobiKit_Example_watchOS/Pods-AnobiKit_Example_watchOS.debug.xcconfig"; sourceTree = "<group>"; };
		50656D04AB5D7C24F41866F2 /* Pods-AnobiKit_Tests_iOS.debug.xcconfig */ = {isa = PBXFileReference; includeInIndex = 1; lastKnownFileType = text.xcconfig; name = "Pods-AnobiKit_Tests_iOS.debug.xcconfig"; path = "Pods/Target Support Files/Pods-AnobiKit_Tests_iOS/Pods-AnobiKit_Tests_iOS.debug.xcconfig"; sourceTree = "<group>"; };
		572F5872259E50309416D550 /* Pods_AnobiKit_Tests_macOS.framework */ = {isa = PBXFileReference; explicitFileType = wrapper.framework; includeInIndex = 0; path = Pods_AnobiKit_Tests_macOS.framework; sourceTree = BUILT_PRODUCTS_DIR; };
		6003F58A195388D20070C39A /* AnobiKit_Example_iOS.app */ = {isa = PBXFileReference; explicitFileType = wrapper.application; includeInIndex = 0; path = AnobiKit_Example_iOS.app; sourceTree = BUILT_PRODUCTS_DIR; };
		6003F58D195388D20070C39A /* Foundation.framework */ = {isa = PBXFileReference; lastKnownFileType = wrapper.framework; name = Foundation.framework; path = System/Library/Frameworks/Foundation.framework; sourceTree = SDKROOT; };
		6003F58F195388D20070C39A /* CoreGraphics.framework */ = {isa = PBXFileReference; lastKnownFileType = wrapper.framework; name = CoreGraphics.framework; path = System/Library/Frameworks/CoreGraphics.framework; sourceTree = SDKROOT; };
		6003F591195388D20070C39A /* UIKit.framework */ = {isa = PBXFileReference; lastKnownFileType = wrapper.framework; name = UIKit.framework; path = System/Library/Frameworks/UIKit.framework; sourceTree = SDKROOT; };
		6003F595195388D20070C39A /* Info.plist */ = {isa = PBXFileReference; lastKnownFileType = text.plist.xml; path = Info.plist; sourceTree = "<group>"; };
		6003F597195388D20070C39A /* en */ = {isa = PBXFileReference; lastKnownFileType = text.plist.strings; name = en; path = en.lproj/InfoPlist.strings; sourceTree = "<group>"; };
		6003F599195388D20070C39A /* main.m */ = {isa = PBXFileReference; lastKnownFileType = sourcecode.c.objc; path = main.m; sourceTree = "<group>"; };
		6003F59B195388D20070C39A /* Prefix.pch */ = {isa = PBXFileReference; lastKnownFileType = sourcecode.c.h; path = Prefix.pch; sourceTree = "<group>"; };
		6003F59C195388D20070C39A /* AKAppDelegate.h */ = {isa = PBXFileReference; lastKnownFileType = sourcecode.c.h; path = AKAppDelegate.h; sourceTree = "<group>"; };
		6003F59D195388D20070C39A /* AKAppDelegate.m */ = {isa = PBXFileReference; lastKnownFileType = sourcecode.c.objc; path = AKAppDelegate.m; sourceTree = "<group>"; };
		6003F5AE195388D20070C39A /* AnobiKit_Tests_iOS.xctest */ = {isa = PBXFileReference; explicitFileType = wrapper.cfbundle; includeInIndex = 0; path = AnobiKit_Tests_iOS.xctest; sourceTree = BUILT_PRODUCTS_DIR; };
		6003F5B7195388D20070C39A /* Info.plist */ = {isa = PBXFileReference; lastKnownFileType = text.plist.xml; path = Info.plist; sourceTree = "<group>"; };
		6003F5B9195388D20070C39A /* en */ = {isa = PBXFileReference; lastKnownFileType = text.plist.strings; name = en; path = en.lproj/InfoPlist.strings; sourceTree = "<group>"; };
		6003F5BB195388D20070C39A /* NSStringsConcatenationTest.m */ = {isa = PBXFileReference; lastKnownFileType = sourcecode.c.objc; path = NSStringsConcatenationTest.m; sourceTree = "<group>"; };
		60629CC50642A77A297A4C61 /* Pods_AnobiKit_Tests_iOS.framework */ = {isa = PBXFileReference; explicitFileType = wrapper.framework; includeInIndex = 0; path = Pods_AnobiKit_Tests_iOS.framework; sourceTree = BUILT_PRODUCTS_DIR; };
		606FC2411953D9B200FFA9A0 /* Tests-Prefix.pch */ = {isa = PBXFileReference; lastKnownFileType = sourcecode.c.h; path = "Tests-Prefix.pch"; sourceTree = "<group>"; };
		63142E5C9523AC112F4684DA /* Pods-AnobiKit_Tests.release.xcconfig */ = {isa = PBXFileReference; includeInIndex = 1; lastKnownFileType = text.xcconfig; name = "Pods-AnobiKit_Tests.release.xcconfig"; path = "Pods/Target Support Files/Pods-AnobiKit_Tests/Pods-AnobiKit_Tests.release.xcconfig"; sourceTree = "<group>"; };
		66CCD5051E7B36D66D84737D /* Pods-AnobiKit_Tests_macOS.debug.xcconfig */ = {isa = PBXFileReference; includeInIndex = 1; lastKnownFileType = text.xcconfig; name = "Pods-AnobiKit_Tests_macOS.debug.xcconfig"; path = "Pods/Target Support Files/Pods-AnobiKit_Tests_macOS/Pods-AnobiKit_Tests_macOS.debug.xcconfig"; sourceTree = "<group>"; };
		6A015C8A225CF45400982E0D /* AnobiKit_Example_watchOS.app */ = {isa = PBXFileReference; explicitFileType = wrapper.application; includeInIndex = 0; path = AnobiKit_Example_watchOS.app; sourceTree = BUILT_PRODUCTS_DIR; };
		6A015C8D225CF45500982E0D /* Base */ = {isa = PBXFileReference; lastKnownFileType = file.storyboard; name = Base; path = Base.lproj/Interface.storyboard; sourceTree = "<group>"; };
		6A015C91225CF45500982E0D /* Info.plist */ = {isa = PBXFileReference; lastKnownFileType = text.plist.xml; path = Info.plist; sourceTree = "<group>"; };
		6A015C96225CF45500982E0D /* AnobiKit_Example_watchOS Extension.appex */ = {isa = PBXFileReference; explicitFileType = "wrapper.app-extension"; includeInIndex = 0; path = "AnobiKit_Example_watchOS Extension.appex"; sourceTree = BUILT_PRODUCTS_DIR; };
		6A015C9E225CF45600982E0D /* ExtensionDelegate.h */ = {isa = PBXFileReference; lastKnownFileType = sourcecode.c.h; path = ExtensionDelegate.h; sourceTree = "<group>"; };
		6A015C9F225CF45600982E0D /* ExtensionDelegate.m */ = {isa = PBXFileReference; lastKnownFileType = sourcecode.c.objc; path = ExtensionDelegate.m; sourceTree = "<group>"; };
		6A015CA6225CF45700982E0D /* Info.plist */ = {isa = PBXFileReference; lastKnownFileType = text.plist.xml; path = Info.plist; sourceTree = "<group>"; };
		6A015CA7225CF45700982E0D /* PushNotificationPayload.apns */ = {isa = PBXFileReference; lastKnownFileType = text; path = PushNotificationPayload.apns; sourceTree = "<group>"; };
		6A015CB8225DDDCF00982E0D /* AKExample.h */ = {isa = PBXFileReference; lastKnownFileType = sourcecode.c.h; name = AKExample.h; path = Example/AKExample.h; sourceTree = SOURCE_ROOT; };
		6A015CB9225DDDCF00982E0D /* AKExample.m */ = {isa = PBXFileReference; lastKnownFileType = sourcecode.c.objc; name = AKExample.m; path = Example/AKExample.m; sourceTree = SOURCE_ROOT; };
		6A0C8E32220337470036207F /* AKListTest.m */ = {isa = PBXFileReference; lastKnownFileType = sourcecode.c.objc; path = AKListTest.m; sourceTree = "<group>"; };
		6A26EDC9223FBED900EE81A3 /* AKSubscriptTest.m */ = {isa = PBXFileReference; lastKnownFileType = sourcecode.c.objc; path = AKSubscriptTest.m; sourceTree = "<group>"; };
		6A940762225CB36900FEF073 /* AnobiKit_Example_macOS.app */ = {isa = PBXFileReference; explicitFileType = wrapper.application; includeInIndex = 0; path = AnobiKit_Example_macOS.app; sourceTree = BUILT_PRODUCTS_DIR; };
		6A940764225CB36A00FEF073 /* AKAppDelegate.h */ = {isa = PBXFileReference; lastKnownFileType = sourcecode.c.h; path = AKAppDelegate.h; sourceTree = "<group>"; };
		6A940765225CB36A00FEF073 /* AKAppDelegate.m */ = {isa = PBXFileReference; lastKnownFileType = sourcecode.c.objc; path = AKAppDelegate.m; sourceTree = "<group>"; };
		6A94076D225CB36B00FEF073 /* Base */ = {isa = PBXFileReference; lastKnownFileType = file.storyboard; name = Base; path = Base.lproj/Main.storyboard; sourceTree = "<group>"; };
		6A94076F225CB36B00FEF073 /* Info.plist */ = {isa = PBXFileReference; lastKnownFileType = text.plist.xml; path = Info.plist; sourceTree = "<group>"; };
		6A940770225CB36B00FEF073 /* main.m */ = {isa = PBXFileReference; lastKnownFileType = sourcecode.c.objc; path = main.m; sourceTree = "<group>"; };
		6A940777225CB36C00FEF073 /* AnobiKit_Tests_macOS.xctest */ = {isa = PBXFileReference; explicitFileType = wrapper.cfbundle; includeInIndex = 0; path = AnobiKit_Tests_macOS.xctest; sourceTree = BUILT_PRODUCTS_DIR; };
		6A940786225CC60900FEF073 /* LICENSE */ = {isa = PBXFileReference; lastKnownFileType = text; path = LICENSE; sourceTree = "<group>"; };
		6A940787225CC60900FEF073 /* README.md */ = {isa = PBXFileReference; lastKnownFileType = net.daringfireball.markdown; path = README.md; sourceTree = "<group>"; };
		6A940788225CC60A00FEF073 /* AnobiKit.podspec */ = {isa = PBXFileReference; lastKnownFileType = text; path = AnobiKit.podspec; sourceTree = "<group>"; xcLanguageSpecificationIdentifier = xcode.lang.ruby; };
		6A94078C225CD44600FEF073 /* AnobiKit_Example_macOS.entitlements */ = {isa = PBXFileReference; lastKnownFileType = text.plist.entitlements; path = AnobiKit_Example_macOS.entitlements; sourceTree = "<group>"; };
		6AA3B68B1F38AEFB001D70DD /* XCTest.framework */ = {isa = PBXFileReference; lastKnownFileType = wrapper.framework; name = XCTest.framework; path = Platforms/iPhoneOS.platform/Developer/Library/Frameworks/XCTest.framework; sourceTree = DEVELOPER_DIR; };
		6ACF197D1F7D34DC00712368 /* AKExampleConfig.plist */ = {isa = PBXFileReference; fileEncoding = 4; lastKnownFileType = text.plist.xml; path = AKExampleConfig.plist; sourceTree = "<group>"; };
		71719F9E1E33DC2100824A3D /* Base */ = {isa = PBXFileReference; lastKnownFileType = file.storyboard; name = Base; path = Base.lproj/LaunchScreen.storyboard; sourceTree = "<group>"; };
		757DC024D75DB21ACCA256C2 /* Pods-AnobiKit_Example_macOS.release.xcconfig */ = {isa = PBXFileReference; includeInIndex = 1; lastKnownFileType = text.xcconfig; name = "Pods-AnobiKit_Example_macOS.release.xcconfig"; path = "Pods/Target Support Files/Pods-AnobiKit_Example_macOS/Pods-AnobiKit_Example_macOS.release.xcconfig"; sourceTree = "<group>"; };
		76A7B17CF00113AC3D51878A /* Pods_AnobiKit_Example_watchOS.framework */ = {isa = PBXFileReference; explicitFileType = wrapper.framework; includeInIndex = 0; path = Pods_AnobiKit_Example_watchOS.framework; sourceTree = BUILT_PRODUCTS_DIR; };
		7F52111CE324E268D4313C6F /* Pods-AnobiKit_Tests_iOS.release.xcconfig */ = {isa = PBXFileReference; includeInIndex = 1; lastKnownFileType = text.xcconfig; name = "Pods-AnobiKit_Tests_iOS.release.xcconfig"; path = "Pods/Target Support Files/Pods-AnobiKit_Tests_iOS/Pods-AnobiKit_Tests_iOS.release.xcconfig"; sourceTree = "<group>"; };
		873B8AEA1B1F5CCA007FD442 /* Main.storyboard */ = {isa = PBXFileReference; fileEncoding = 4; lastKnownFileType = file.storyboard; name = Main.storyboard; path = Base.lproj/Main.storyboard; sourceTree = "<group>"; };
		8E2A55E681CA2738A2E74C75 /* Pods-AnobiKit_Example_watchOS.release.xcconfig */ = {isa = PBXFileReference; includeInIndex = 1; lastKnownFileType = text.xcconfig; name = "Pods-AnobiKit_Example_watchOS.release.xcconfig"; path = "Pods/Target Support Files/Pods-AnobiKit_Example_watchOS/Pods-AnobiKit_Example_watchOS.release.xcconfig"; sourceTree = "<group>"; };
		A29BCC50C76DBA8E389A4762 /* Pods_AnobiKit_Example_watchOS_Extension.framework */ = {isa = PBXFileReference; explicitFileType = wrapper.framework; includeInIndex = 0; path = Pods_AnobiKit_Example_watchOS_Extension.framework; sourceTree = BUILT_PRODUCTS_DIR; };
		C2E95CE6B87131F2052D902F /* Pods_AnobiKit_Example_iOS.framework */ = {isa = PBXFileReference; explicitFileType = wrapper.framework; includeInIndex = 0; path = Pods_AnobiKit_Example_iOS.framework; sourceTree = BUILT_PRODUCTS_DIR; };
		CBDA842D9B7360D746DE520A /* Pods_AnobiKit_Example_macOS.framework */ = {isa = PBXFileReference; explicitFileType = wrapper.framework; includeInIndex = 0; path = Pods_AnobiKit_Example_macOS.framework; sourceTree = BUILT_PRODUCTS_DIR; };
		D3D654DCB64F06250E4743C3 /* Pods-AnobiKit_Example_watchOS Extension.debug.xcconfig */ = {isa = PBXFileReference; includeInIndex = 1; lastKnownFileType = text.xcconfig; name = "Pods-AnobiKit_Example_watchOS Extension.debug.xcconfig"; path = "Pods/Target Support Files/Pods-AnobiKit_Example_watchOS Extension/Pods-AnobiKit_Example_watchOS Extension.debug.xcconfig"; sourceTree = "<group>"; };
		D444B4AE0DC96771BFA86FF9 /* Pods-AnobiKit_Example.release.xcconfig */ = {isa = PBXFileReference; includeInIndex = 1; lastKnownFileType = text.xcconfig; name = "Pods-AnobiKit_Example.release.xcconfig"; path = "Pods/Target Support Files/Pods-AnobiKit_Example/Pods-AnobiKit_Example.release.xcconfig"; sourceTree = "<group>"; };
		D5E552B8AB1C87E83612D87E /* Pods-AnobiKit_Example_macOS.debug.xcconfig */ = {isa = PBXFileReference; includeInIndex = 1; lastKnownFileType = text.xcconfig; name = "Pods-AnobiKit_Example_macOS.debug.xcconfig"; path = "Pods/Target Support Files/Pods-AnobiKit_Example_macOS/Pods-AnobiKit_Example_macOS.debug.xcconfig"; sourceTree = "<group>"; };
		D6DCF70DDD885358887892C0 /* Pods-AnobiKit_Tests.debug.xcconfig */ = {isa = PBXFileReference; includeInIndex = 1; lastKnownFileType = text.xcconfig; name = "Pods-AnobiKit_Tests.debug.xcconfig"; path = "Pods/Target Support Files/Pods-AnobiKit_Tests/Pods-AnobiKit_Tests.debug.xcconfig"; sourceTree = "<group>"; };
		E3F036D60C4C1E5E4CA89438 /* Pods-AnobiKit_Example_iOS.debug.xcconfig */ = {isa = PBXFileReference; includeInIndex = 1; lastKnownFileType = text.xcconfig; name = "Pods-AnobiKit_Example_iOS.debug.xcconfig"; path = "Pods/Target Support Files/Pods-AnobiKit_Example_iOS/Pods-AnobiKit_Example_iOS.debug.xcconfig"; sourceTree = "<group>"; };
/* End PBXFileReference section */

/* Begin PBXFrameworksBuildPhase section */
		6003F587195388D20070C39A /* Frameworks */ = {
			isa = PBXFrameworksBuildPhase;
			buildActionMask = 2147483647;
			files = (
				6003F590195388D20070C39A /* CoreGraphics.framework in Frameworks */,
				6003F592195388D20070C39A /* UIKit.framework in Frameworks */,
				6003F58E195388D20070C39A /* Foundation.framework in Frameworks */,
				06670175588C0C820290303B /* Pods_AnobiKit_Example_iOS.framework in Frameworks */,
			);
			runOnlyForDeploymentPostprocessing = 0;
		};
		6003F5AB195388D20070C39A /* Frameworks */ = {
			isa = PBXFrameworksBuildPhase;
			buildActionMask = 2147483647;
			files = (
				6AA3B68C1F38AEFB001D70DD /* XCTest.framework in Frameworks */,
				6003F5B2195388D20070C39A /* UIKit.framework in Frameworks */,
				6003F5B1195388D20070C39A /* Foundation.framework in Frameworks */,
				8C6A11D2C6A5E34747CCB6DA /* Pods_AnobiKit_Tests_iOS.framework in Frameworks */,
			);
			runOnlyForDeploymentPostprocessing = 0;
		};
		6A015C93225CF45500982E0D /* Frameworks */ = {
			isa = PBXFrameworksBuildPhase;
			buildActionMask = 2147483647;
			files = (
				EA11BD2EBB780096883C03EA /* Pods_AnobiKit_Example_watchOS_Extension.framework in Frameworks */,
			);
			runOnlyForDeploymentPostprocessing = 0;
		};
		6A94075F225CB36900FEF073 /* Frameworks */ = {
			isa = PBXFrameworksBuildPhase;
			buildActionMask = 2147483647;
			files = (
				7F22F6C8C63A08FA496D5AE8 /* Pods_AnobiKit_Example_macOS.framework in Frameworks */,
			);
			runOnlyForDeploymentPostprocessing = 0;
		};
		6A940774225CB36C00FEF073 /* Frameworks */ = {
			isa = PBXFrameworksBuildPhase;
			buildActionMask = 2147483647;
			files = (
				FF14E0D30776A16BB031693A /* Pods_AnobiKit_Tests_macOS.framework in Frameworks */,
			);
			runOnlyForDeploymentPostprocessing = 0;
		};
		BCAD41334B655C1268EDECDE /* Frameworks */ = {
			isa = PBXFrameworksBuildPhase;
			buildActionMask = 2147483647;
			files = (
				81D2A156E35E43B1F3A700BA /* Pods_AnobiKit_Example_watchOS.framework in Frameworks */,
			);
			runOnlyForDeploymentPostprocessing = 0;
		};
/* End PBXFrameworksBuildPhase section */

/* Begin PBXGroup section */
		6003F581195388D10070C39A = {
			isa = PBXGroup;
			children = (
				60FF7A9C1954A5C5007DD14C /* Podspec Metadata */,
				6A015CC4225DEA5300982E0D /* Example */,
				6003F5B5195388D20070C39A /* Tests */,
				6003F58C195388D20070C39A /* Frameworks */,
				6003F58B195388D20070C39A /* Products */,
				8DBCACB3F18D98302CDD33E5 /* Pods */,
			);
			sourceTree = "<group>";
		};
		6003F58B195388D20070C39A /* Products */ = {
			isa = PBXGroup;
			children = (
				6003F58A195388D20070C39A /* AnobiKit_Example_iOS.app */,
				6003F5AE195388D20070C39A /* AnobiKit_Tests_iOS.xctest */,
				6A940762225CB36900FEF073 /* AnobiKit_Example_macOS.app */,
				6A940777225CB36C00FEF073 /* AnobiKit_Tests_macOS.xctest */,
				6A015C8A225CF45400982E0D /* AnobiKit_Example_watchOS.app */,
				6A015C96225CF45500982E0D /* AnobiKit_Example_watchOS Extension.appex */,
			);
			name = Products;
			sourceTree = "<group>";
		};
		6003F58C195388D20070C39A /* Frameworks */ = {
			isa = PBXGroup;
			children = (
				6AA3B68B1F38AEFB001D70DD /* XCTest.framework */,
				6003F58D195388D20070C39A /* Foundation.framework */,
				6003F58F195388D20070C39A /* CoreGraphics.framework */,
				6003F591195388D20070C39A /* UIKit.framework */,
				C2E95CE6B87131F2052D902F /* Pods_AnobiKit_Example_iOS.framework */,
				CBDA842D9B7360D746DE520A /* Pods_AnobiKit_Example_macOS.framework */,
				60629CC50642A77A297A4C61 /* Pods_AnobiKit_Tests_iOS.framework */,
				572F5872259E50309416D550 /* Pods_AnobiKit_Tests_macOS.framework */,
				76A7B17CF00113AC3D51878A /* Pods_AnobiKit_Example_watchOS.framework */,
				A29BCC50C76DBA8E389A4762 /* Pods_AnobiKit_Example_watchOS_Extension.framework */,
			);
			name = Frameworks;
			sourceTree = "<group>";
		};
		6003F593195388D20070C39A /* iOS */ = {
			isa = PBXGroup;
			children = (
				6003F59C195388D20070C39A /* AKAppDelegate.h */,
				6003F59D195388D20070C39A /* AKAppDelegate.m */,
				873B8AEA1B1F5CCA007FD442 /* Main.storyboard */,
				71719F9D1E33DC2100824A3D /* LaunchScreen.storyboard */,
				6003F595195388D20070C39A /* Info.plist */,
				6003F596195388D20070C39A /* InfoPlist.strings */,
				6003F59B195388D20070C39A /* Prefix.pch */,
				6003F599195388D20070C39A /* main.m */,
			);
			name = iOS;
			path = Example/iOS;
			sourceTree = SOURCE_ROOT;
		};
		6003F5B5195388D20070C39A /* Tests */ = {
			isa = PBXGroup;
			children = (
				6003F5BB195388D20070C39A /* NSStringsConcatenationTest.m */,
				6A0C8E32220337470036207F /* AKListTest.m */,
				6A26EDC9223FBED900EE81A3 /* AKSubscriptTest.m */,
				6003F5B7195388D20070C39A /* Info.plist */,
				6003F5B8195388D20070C39A /* InfoPlist.strings */,
				606FC2411953D9B200FFA9A0 /* Tests-Prefix.pch */,
			);
			path = Tests;
			sourceTree = "<group>";
		};
		60FF7A9C1954A5C5007DD14C /* Podspec Metadata */ = {
			isa = PBXGroup;
			children = (
				6A940788225CC60A00FEF073 /* AnobiKit.podspec */,
				6A940786225CC60900FEF073 /* LICENSE */,
				6A940787225CC60900FEF073 /* README.md */,
			);
			name = "Podspec Metadata";
			sourceTree = "<group>";
		};
		6A015C8B225CF45500982E0D /* watchOS */ = {
			isa = PBXGroup;
			children = (
				6A015C8C225CF45500982E0D /* Interface.storyboard */,
				6A015C91225CF45500982E0D /* Info.plist */,
			);
			path = watchOS;
			sourceTree = "<group>";
		};
		6A015C9A225CF45600982E0D /* watchOS Extension */ = {
			isa = PBXGroup;
			children = (
				6A015C9E225CF45600982E0D /* ExtensionDelegate.h */,
				6A015C9F225CF45600982E0D /* ExtensionDelegate.m */,
				6A015CA6225CF45700982E0D /* Info.plist */,
				6A015CA7225CF45700982E0D /* PushNotificationPayload.apns */,
			);
			path = "watchOS Extension";
			sourceTree = "<group>";
		};
		6A015CC4225DEA5300982E0D /* Example */ = {
			isa = PBXGroup;
			children = (
				6A015CB8225DDDCF00982E0D /* AKExample.h */,
				6A015CB9225DDDCF00982E0D /* AKExample.m */,
				6ACF197D1F7D34DC00712368 /* AKExampleConfig.plist */,
				6003F593195388D20070C39A /* iOS */,
				6A940763225CB36A00FEF073 /* macOS */,
				6A015C8B225CF45500982E0D /* watchOS */,
				6A015C9A225CF45600982E0D /* watchOS Extension */,
			);
			path = Example;
			sourceTree = "<group>";
		};
		6A940763225CB36A00FEF073 /* macOS */ = {
			isa = PBXGroup;
			children = (
				6A94078C225CD44600FEF073 /* AnobiKit_Example_macOS.entitlements */,
				6A940764225CB36A00FEF073 /* AKAppDelegate.h */,
				6A940765225CB36A00FEF073 /* AKAppDelegate.m */,
				6A94076C225CB36B00FEF073 /* Main.storyboard */,
				6A94076F225CB36B00FEF073 /* Info.plist */,
				6A940770225CB36B00FEF073 /* main.m */,
			);
			path = macOS;
			sourceTree = "<group>";
		};
		8DBCACB3F18D98302CDD33E5 /* Pods */ = {
			isa = PBXGroup;
			children = (
				1C07732A05147DA8198E89D4 /* Pods-AnobiKit_Example.debug.xcconfig */,
				D444B4AE0DC96771BFA86FF9 /* Pods-AnobiKit_Example.release.xcconfig */,
				D6DCF70DDD885358887892C0 /* Pods-AnobiKit_Tests.debug.xcconfig */,
				63142E5C9523AC112F4684DA /* Pods-AnobiKit_Tests.release.xcconfig */,
				E3F036D60C4C1E5E4CA89438 /* Pods-AnobiKit_Example_iOS.debug.xcconfig */,
				2B73284FC3CC1675FA95A4F4 /* Pods-AnobiKit_Example_iOS.release.xcconfig */,
				D5E552B8AB1C87E83612D87E /* Pods-AnobiKit_Example_macOS.debug.xcconfig */,
				757DC024D75DB21ACCA256C2 /* Pods-AnobiKit_Example_macOS.release.xcconfig */,
				50656D04AB5D7C24F41866F2 /* Pods-AnobiKit_Tests_iOS.debug.xcconfig */,
				7F52111CE324E268D4313C6F /* Pods-AnobiKit_Tests_iOS.release.xcconfig */,
				66CCD5051E7B36D66D84737D /* Pods-AnobiKit_Tests_macOS.debug.xcconfig */,
				36AE0DF45D6BD35B101907AE /* Pods-AnobiKit_Tests_macOS.release.xcconfig */,
				48833BB802318479E0596D4A /* Pods-AnobiKit_Example_watchOS.debug.xcconfig */,
				8E2A55E681CA2738A2E74C75 /* Pods-AnobiKit_Example_watchOS.release.xcconfig */,
				D3D654DCB64F06250E4743C3 /* Pods-AnobiKit_Example_watchOS Extension.debug.xcconfig */,
				056E9B7084004F375EFC6604 /* Pods-AnobiKit_Example_watchOS Extension.release.xcconfig */,
			);
			name = Pods;
			sourceTree = "<group>";
		};
/* End PBXGroup section */

/* Begin PBXNativeTarget section */
		6003F589195388D20070C39A /* AnobiKit_Example_iOS */ = {
			isa = PBXNativeTarget;
			buildConfigurationList = 6003F5BF195388D20070C39A /* Build configuration list for PBXNativeTarget "AnobiKit_Example_iOS" */;
			buildPhases = (
				C14A88D75157512471124043 /* [CP] Check Pods Manifest.lock */,
				6003F586195388D20070C39A /* Sources */,
				6003F587195388D20070C39A /* Frameworks */,
				6003F588195388D20070C39A /* Resources */,
				33EB54D2806ED45B97EB2A98 /* [CP] Embed Pods Frameworks */,
				6A015CB2225CF45700982E0D /* Embed Watch Content */,
			);
			buildRules = (
			);
			dependencies = (
				6A015CA9225CF45700982E0D /* PBXTargetDependency */,
			);
			name = AnobiKit_Example_iOS;
			productName = AnobiKit;
			productReference = 6003F58A195388D20070C39A /* AnobiKit_Example_iOS.app */;
			productType = "com.apple.product-type.application";
		};
		6003F5AD195388D20070C39A /* AnobiKit_Tests_iOS */ = {
			isa = PBXNativeTarget;
			buildConfigurationList = 6003F5C2195388D20070C39A /* Build configuration list for PBXNativeTarget "AnobiKit_Tests_iOS" */;
			buildPhases = (
				6CDDA1F9538FB50D4BDEC4EE /* [CP] Check Pods Manifest.lock */,
				6003F5AA195388D20070C39A /* Sources */,
				6003F5AB195388D20070C39A /* Frameworks */,
				6003F5AC195388D20070C39A /* Resources */,
			);
			buildRules = (
			);
			dependencies = (
				6003F5B4195388D20070C39A /* PBXTargetDependency */,
			);
			name = AnobiKit_Tests_iOS;
			productName = AnobiKitTests;
			productReference = 6003F5AE195388D20070C39A /* AnobiKit_Tests_iOS.xctest */;
			productType = "com.apple.product-type.bundle.unit-test";
		};
		6A015C89225CF45400982E0D /* AnobiKit_Example_watchOS */ = {
			isa = PBXNativeTarget;
			buildConfigurationList = 6A015CB1225CF45700982E0D /* Build configuration list for PBXNativeTarget "AnobiKit_Example_watchOS" */;
			buildPhases = (
				04437746300D6EBB7312B8E9 /* [CP] Check Pods Manifest.lock */,
				6A015C88225CF45400982E0D /* Resources */,
				6A015CB0225CF45700982E0D /* Embed App Extensions */,
				BCAD41334B655C1268EDECDE /* Frameworks */,
			);
			buildRules = (
			);
			dependencies = (
				6A015C99225CF45600982E0D /* PBXTargetDependency */,
			);
			name = AnobiKit_Example_watchOS;
			productName = Example_watchOS;
			productReference = 6A015C8A225CF45400982E0D /* AnobiKit_Example_watchOS.app */;
			productType = "com.apple.product-type.application.watchapp2";
		};
		6A015C95225CF45500982E0D /* AnobiKit_Example_watchOS Extension */ = {
			isa = PBXNativeTarget;
			buildConfigurationList = 6A015CAF225CF45700982E0D /* Build configuration list for PBXNativeTarget "AnobiKit_Example_watchOS Extension" */;
			buildPhases = (
				FC02C15DABF6D1386403C2CE /* [CP] Check Pods Manifest.lock */,
				6A015C92225CF45500982E0D /* Sources */,
				6A015C93225CF45500982E0D /* Frameworks */,
				6A015C94225CF45500982E0D /* Resources */,
				A7B36BFD14CE715764283E8B /* [CP] Embed Pods Frameworks */,
			);
			buildRules = (
			);
			dependencies = (
			);
			name = "AnobiKit_Example_watchOS Extension";
			productName = "Example_watchOS Extension";
			productReference = 6A015C96225CF45500982E0D /* AnobiKit_Example_watchOS Extension.appex */;
			productType = "com.apple.product-type.watchkit2-extension";
		};
		6A940761225CB36900FEF073 /* AnobiKit_Example_macOS */ = {
			isa = PBXNativeTarget;
			buildConfigurationList = 6A94077E225CB36C00FEF073 /* Build configuration list for PBXNativeTarget "AnobiKit_Example_macOS" */;
			buildPhases = (
				56A4A4F7CBA651D6591C3AC2 /* [CP] Check Pods Manifest.lock */,
				6A94075E225CB36900FEF073 /* Sources */,
				6A94075F225CB36900FEF073 /* Frameworks */,
				6A940760225CB36900FEF073 /* Resources */,
				32625E3DCB3852811BD93679 /* [CP] Embed Pods Frameworks */,
			);
			buildRules = (
			);
			dependencies = (
			);
			name = AnobiKit_Example_macOS;
			productName = Example_macOS;
			productReference = 6A940762225CB36900FEF073 /* AnobiKit_Example_macOS.app */;
			productType = "com.apple.product-type.application";
		};
		6A940776225CB36C00FEF073 /* AnobiKit_Tests_macOS */ = {
			isa = PBXNativeTarget;
			buildConfigurationList = 6A940781225CB36C00FEF073 /* Build configuration list for PBXNativeTarget "AnobiKit_Tests_macOS" */;
			buildPhases = (
				FE2E646253860C3557C16639 /* [CP] Check Pods Manifest.lock */,
				6A940773225CB36C00FEF073 /* Sources */,
				6A940774225CB36C00FEF073 /* Frameworks */,
				6A940775225CB36C00FEF073 /* Resources */,
			);
			buildRules = (
			);
			dependencies = (
				6A940779225CB36C00FEF073 /* PBXTargetDependency */,
			);
			name = AnobiKit_Tests_macOS;
			productName = Example_macOSTests;
			productReference = 6A940777225CB36C00FEF073 /* AnobiKit_Tests_macOS.xctest */;
			productType = "com.apple.product-type.bundle.unit-test";
		};
/* End PBXNativeTarget section */

/* Begin PBXProject section */
		6003F582195388D10070C39A /* Project object */ = {
			isa = PBXProject;
			attributes = {
				CLASSPREFIX = AK;
				LastUpgradeCheck = 1020;
				ORGANIZATIONNAME = Anobisoft;
				TargetAttributes = {
					6003F589195388D20070C39A = {
						ProvisioningStyle = Manual;
						SystemCapabilities = {
							com.apple.ApplicationGroups.iOS = {
								enabled = 0;
							};
						};
					};
					6003F5AD195388D20070C39A = {
						DevelopmentTeam = H7ZVC2MKT6;
						ProvisioningStyle = Manual;
						TestTargetID = 6003F589195388D20070C39A;
					};
					6A015C89225CF45400982E0D = {
						CreatedOnToolsVersion = 10.2;
						ProvisioningStyle = Automatic;
					};
					6A015C95225CF45500982E0D = {
						CreatedOnToolsVersion = 10.2;
						ProvisioningStyle = Automatic;
					};
					6A940761225CB36900FEF073 = {
						CreatedOnToolsVersion = 10.2;
						ProvisioningStyle = Manual;
						SystemCapabilities = {
							com.apple.Sandbox = {
								enabled = 1;
							};
						};
					};
					6A940776225CB36C00FEF073 = {
						CreatedOnToolsVersion = 10.2;
						ProvisioningStyle = Manual;
						TestTargetID = 6A940761225CB36900FEF073;
					};
				};
			};
			buildConfigurationList = 6003F585195388D10070C39A /* Build configuration list for PBXProject "AnobiKit" */;
			compatibilityVersion = "Xcode 10.0";
			developmentRegion = en;
			hasScannedForEncodings = 0;
			knownRegions = (
				en,
				Base,
			);
			mainGroup = 6003F581195388D10070C39A;
			productRefGroup = 6003F58B195388D20070C39A /* Products */;
			projectDirPath = "";
			projectRoot = "";
			targets = (
				6003F589195388D20070C39A /* AnobiKit_Example_iOS */,
				6003F5AD195388D20070C39A /* AnobiKit_Tests_iOS */,
				6A940761225CB36900FEF073 /* AnobiKit_Example_macOS */,
				6A940776225CB36C00FEF073 /* AnobiKit_Tests_macOS */,
				6A015C89225CF45400982E0D /* AnobiKit_Example_watchOS */,
				6A015C95225CF45500982E0D /* AnobiKit_Example_watchOS Extension */,
			);
		};
/* End PBXProject section */

/* Begin PBXResourcesBuildPhase section */
		6003F588195388D20070C39A /* Resources */ = {
			isa = PBXResourcesBuildPhase;
			buildActionMask = 2147483647;
			files = (
				873B8AEB1B1F5CCA007FD442 /* Main.storyboard in Resources */,
				6ACF197E1F7D34DC00712368 /* AKExampleConfig.plist in Resources */,
				71719F9F1E33DC2100824A3D /* LaunchScreen.storyboard in Resources */,
				6003F598195388D20070C39A /* InfoPlist.strings in Resources */,
			);
			runOnlyForDeploymentPostprocessing = 0;
		};
		6003F5AC195388D20070C39A /* Resources */ = {
			isa = PBXResourcesBuildPhase;
			buildActionMask = 2147483647;
			files = (
				6A015CB6225DDB1D00982E0D /* Info.plist in Resources */,
				6003F5BA195388D20070C39A /* InfoPlist.strings in Resources */,
			);
			runOnlyForDeploymentPostprocessing = 0;
		};
		6A015C88225CF45400982E0D /* Resources */ = {
			isa = PBXResourcesBuildPhase;
			buildActionMask = 2147483647;
			files = (
				6A015C8E225CF45500982E0D /* Interface.storyboard in Resources */,
			);
			runOnlyForDeploymentPostprocessing = 0;
		};
		6A015C94225CF45500982E0D /* Resources */ = {
			isa = PBXResourcesBuildPhase;
			buildActionMask = 2147483647;
			files = (
				6A015CC0225DE6BE00982E0D /* AKExampleConfig.plist in Resources */,
			);
			runOnlyForDeploymentPostprocessing = 0;
		};
		6A940760225CB36900FEF073 /* Resources */ = {
			isa = PBXResourcesBuildPhase;
			buildActionMask = 2147483647;
			files = (
				6A94076E225CB36B00FEF073 /* Main.storyboard in Resources */,
				6A015CBF225DE6BD00982E0D /* AKExampleConfig.plist in Resources */,
			);
			runOnlyForDeploymentPostprocessing = 0;
		};
		6A940775225CB36C00FEF073 /* Resources */ = {
			isa = PBXResourcesBuildPhase;
			buildActionMask = 2147483647;
			files = (
				6A015CB7225DDB1E00982E0D /* Info.plist in Resources */,
			);
			runOnlyForDeploymentPostprocessing = 0;
		};
/* End PBXResourcesBuildPhase section */

/* Begin PBXShellScriptBuildPhase section */
		04437746300D6EBB7312B8E9 /* [CP] Check Pods Manifest.lock */ = {
			isa = PBXShellScriptBuildPhase;
			buildActionMask = 2147483647;
			files = (
			);
			inputFileListPaths = (
			);
			inputPaths = (
				"${PODS_PODFILE_DIR_PATH}/Podfile.lock",
				"${PODS_ROOT}/Manifest.lock",
			);
			name = "[CP] Check Pods Manifest.lock";
			outputFileListPaths = (
			);
			outputPaths = (
				"$(DERIVED_FILE_DIR)/Pods-AnobiKit_Example_watchOS-checkManifestLockResult.txt",
			);
			runOnlyForDeploymentPostprocessing = 0;
			shellPath = /bin/sh;
			shellScript = "diff \"${PODS_PODFILE_DIR_PATH}/Podfile.lock\" \"${PODS_ROOT}/Manifest.lock\" > /dev/null\nif [ $? != 0 ] ; then\n    # print error to STDERR\n    echo \"error: The sandbox is not in sync with the Podfile.lock. Run 'pod install' or update your CocoaPods installation.\" >&2\n    exit 1\nfi\n# This output is used by Xcode 'outputs' to avoid re-running this script phase.\necho \"SUCCESS\" > \"${SCRIPT_OUTPUT_FILE_0}\"\n";
			showEnvVarsInLog = 0;
		};
		32625E3DCB3852811BD93679 /* [CP] Embed Pods Frameworks */ = {
			isa = PBXShellScriptBuildPhase;
			buildActionMask = 2147483647;
			files = (
			);
			inputFileListPaths = (
			);
			inputPaths = (
				"${PODS_ROOT}/Target Support Files/Pods-AnobiKit_Example_macOS/Pods-AnobiKit_Example_macOS-frameworks.sh",
				"${BUILT_PRODUCTS_DIR}/AnobiKit-8860f20c/AnobiKit.framework",
			);
			name = "[CP] Embed Pods Frameworks";
			outputFileListPaths = (
			);
			outputPaths = (
				"${TARGET_BUILD_DIR}/${FRAMEWORKS_FOLDER_PATH}/AnobiKit.framework",
			);
			runOnlyForDeploymentPostprocessing = 0;
			shellPath = /bin/sh;
			shellScript = "\"${PODS_ROOT}/Target Support Files/Pods-AnobiKit_Example_macOS/Pods-AnobiKit_Example_macOS-frameworks.sh\"\n";
			showEnvVarsInLog = 0;
		};
		33EB54D2806ED45B97EB2A98 /* [CP] Embed Pods Frameworks */ = {
			isa = PBXShellScriptBuildPhase;
			buildActionMask = 2147483647;
			files = (
			);
			inputPaths = (
				"${PODS_ROOT}/Target Support Files/Pods-AnobiKit_Example_iOS/Pods-AnobiKit_Example_iOS-frameworks.sh",
				"${BUILT_PRODUCTS_DIR}/AnobiKit-iOS/AnobiKit.framework",
			);
			name = "[CP] Embed Pods Frameworks";
			outputPaths = (
				"${TARGET_BUILD_DIR}/${FRAMEWORKS_FOLDER_PATH}/AnobiKit.framework",
			);
			runOnlyForDeploymentPostprocessing = 0;
			shellPath = /bin/sh;
			shellScript = "\"${PODS_ROOT}/Target Support Files/Pods-AnobiKit_Example_iOS/Pods-AnobiKit_Example_iOS-frameworks.sh\"\n";
			showEnvVarsInLog = 0;
		};
		56A4A4F7CBA651D6591C3AC2 /* [CP] Check Pods Manifest.lock */ = {
			isa = PBXShellScriptBuildPhase;
			buildActionMask = 2147483647;
			files = (
			);
			inputFileListPaths = (
			);
			inputPaths = (
				"${PODS_PODFILE_DIR_PATH}/Podfile.lock",
				"${PODS_ROOT}/Manifest.lock",
			);
			name = "[CP] Check Pods Manifest.lock";
			outputFileListPaths = (
			);
			outputPaths = (
				"$(DERIVED_FILE_DIR)/Pods-AnobiKit_Example_macOS-checkManifestLockResult.txt",
			);
			runOnlyForDeploymentPostprocessing = 0;
			shellPath = /bin/sh;
			shellScript = "diff \"${PODS_PODFILE_DIR_PATH}/Podfile.lock\" \"${PODS_ROOT}/Manifest.lock\" > /dev/null\nif [ $? != 0 ] ; then\n    # print error to STDERR\n    echo \"error: The sandbox is not in sync with the Podfile.lock. Run 'pod install' or update your CocoaPods installation.\" >&2\n    exit 1\nfi\n# This output is used by Xcode 'outputs' to avoid re-running this script phase.\necho \"SUCCESS\" > \"${SCRIPT_OUTPUT_FILE_0}\"\n";
			showEnvVarsInLog = 0;
		};
		6CDDA1F9538FB50D4BDEC4EE /* [CP] Check Pods Manifest.lock */ = {
			isa = PBXShellScriptBuildPhase;
			buildActionMask = 2147483647;
			files = (
			);
			inputPaths = (
				"${PODS_PODFILE_DIR_PATH}/Podfile.lock",
				"${PODS_ROOT}/Manifest.lock",
			);
			name = "[CP] Check Pods Manifest.lock";
			outputPaths = (
				"$(DERIVED_FILE_DIR)/Pods-AnobiKit_Tests_iOS-checkManifestLockResult.txt",
			);
			runOnlyForDeploymentPostprocessing = 0;
			shellPath = /bin/sh;
			shellScript = "diff \"${PODS_PODFILE_DIR_PATH}/Podfile.lock\" \"${PODS_ROOT}/Manifest.lock\" > /dev/null\nif [ $? != 0 ] ; then\n    # print error to STDERR\n    echo \"error: The sandbox is not in sync with the Podfile.lock. Run 'pod install' or update your CocoaPods installation.\" >&2\n    exit 1\nfi\n# This output is used by Xcode 'outputs' to avoid re-running this script phase.\necho \"SUCCESS\" > \"${SCRIPT_OUTPUT_FILE_0}\"\n";
			showEnvVarsInLog = 0;
		};
		A7B36BFD14CE715764283E8B /* [CP] Embed Pods Frameworks */ = {
			isa = PBXShellScriptBuildPhase;
			buildActionMask = 2147483647;
			files = (
			);
			inputFileListPaths = (
			);
			inputPaths = (
				"${PODS_ROOT}/Target Support Files/Pods-AnobiKit_Example_watchOS Extension/Pods-AnobiKit_Example_watchOS Extension-frameworks.sh",
				"${BUILT_PRODUCTS_DIR}/AnobiKit-watchOS/AnobiKit.framework",
			);
			name = "[CP] Embed Pods Frameworks";
			outputFileListPaths = (
			);
			outputPaths = (
				"${TARGET_BUILD_DIR}/${FRAMEWORKS_FOLDER_PATH}/AnobiKit.framework",
			);
			runOnlyForDeploymentPostprocessing = 0;
			shellPath = /bin/sh;
			shellScript = "\"${PODS_ROOT}/Target Support Files/Pods-AnobiKit_Example_watchOS Extension/Pods-AnobiKit_Example_watchOS Extension-frameworks.sh\"\n";
			showEnvVarsInLog = 0;
		};
		C14A88D75157512471124043 /* [CP] Check Pods Manifest.lock */ = {
			isa = PBXShellScriptBuildPhase;
			buildActionMask = 2147483647;
			files = (
			);
			inputPaths = (
				"${PODS_PODFILE_DIR_PATH}/Podfile.lock",
				"${PODS_ROOT}/Manifest.lock",
			);
			name = "[CP] Check Pods Manifest.lock";
			outputPaths = (
				"$(DERIVED_FILE_DIR)/Pods-AnobiKit_Example_iOS-checkManifestLockResult.txt",
			);
			runOnlyForDeploymentPostprocessing = 0;
			shellPath = /bin/sh;
			shellScript = "diff \"${PODS_PODFILE_DIR_PATH}/Podfile.lock\" \"${PODS_ROOT}/Manifest.lock\" > /dev/null\nif [ $? != 0 ] ; then\n    # print error to STDERR\n    echo \"error: The sandbox is not in sync with the Podfile.lock. Run 'pod install' or update your CocoaPods installation.\" >&2\n    exit 1\nfi\n# This output is used by Xcode 'outputs' to avoid re-running this script phase.\necho \"SUCCESS\" > \"${SCRIPT_OUTPUT_FILE_0}\"\n";
			showEnvVarsInLog = 0;
		};
		FC02C15DABF6D1386403C2CE /* [CP] Check Pods Manifest.lock */ = {
			isa = PBXShellScriptBuildPhase;
			buildActionMask = 2147483647;
			files = (
			);
			inputFileListPaths = (
			);
			inputPaths = (
				"${PODS_PODFILE_DIR_PATH}/Podfile.lock",
				"${PODS_ROOT}/Manifest.lock",
			);
			name = "[CP] Check Pods Manifest.lock";
			outputFileListPaths = (
			);
			outputPaths = (
				"$(DERIVED_FILE_DIR)/Pods-AnobiKit_Example_watchOS Extension-checkManifestLockResult.txt",
			);
			runOnlyForDeploymentPostprocessing = 0;
			shellPath = /bin/sh;
			shellScript = "diff \"${PODS_PODFILE_DIR_PATH}/Podfile.lock\" \"${PODS_ROOT}/Manifest.lock\" > /dev/null\nif [ $? != 0 ] ; then\n    # print error to STDERR\n    echo \"error: The sandbox is not in sync with the Podfile.lock. Run 'pod install' or update your CocoaPods installation.\" >&2\n    exit 1\nfi\n# This output is used by Xcode 'outputs' to avoid re-running this script phase.\necho \"SUCCESS\" > \"${SCRIPT_OUTPUT_FILE_0}\"\n";
			showEnvVarsInLog = 0;
		};
		FE2E646253860C3557C16639 /* [CP] Check Pods Manifest.lock */ = {
			isa = PBXShellScriptBuildPhase;
			buildActionMask = 2147483647;
			files = (
			);
			inputFileListPaths = (
			);
			inputPaths = (
				"${PODS_PODFILE_DIR_PATH}/Podfile.lock",
				"${PODS_ROOT}/Manifest.lock",
			);
			name = "[CP] Check Pods Manifest.lock";
			outputFileListPaths = (
			);
			outputPaths = (
				"$(DERIVED_FILE_DIR)/Pods-AnobiKit_Tests_macOS-checkManifestLockResult.txt",
			);
			runOnlyForDeploymentPostprocessing = 0;
			shellPath = /bin/sh;
			shellScript = "diff \"${PODS_PODFILE_DIR_PATH}/Podfile.lock\" \"${PODS_ROOT}/Manifest.lock\" > /dev/null\nif [ $? != 0 ] ; then\n    # print error to STDERR\n    echo \"error: The sandbox is not in sync with the Podfile.lock. Run 'pod install' or update your CocoaPods installation.\" >&2\n    exit 1\nfi\n# This output is used by Xcode 'outputs' to avoid re-running this script phase.\necho \"SUCCESS\" > \"${SCRIPT_OUTPUT_FILE_0}\"\n";
			showEnvVarsInLog = 0;
		};
/* End PBXShellScriptBuildPhase section */

/* Begin PBXSourcesBuildPhase section */
		6003F586195388D20070C39A /* Sources */ = {
			isa = PBXSourcesBuildPhase;
			buildActionMask = 2147483647;
			files = (
				6003F59E195388D20070C39A /* AKAppDelegate.m in Sources */,
				6A015CBA225DDDCF00982E0D /* AKExample.m in Sources */,
				6003F59A195388D20070C39A /* main.m in Sources */,
			);
			runOnlyForDeploymentPostprocessing = 0;
		};
		6003F5AA195388D20070C39A /* Sources */ = {
			isa = PBXSourcesBuildPhase;
			buildActionMask = 2147483647;
			files = (
				6003F5BC195388D20070C39A /* NSStringsConcatenationTest.m in Sources */,
				6A0C8E33220337470036207F /* AKListTest.m in Sources */,
				6A26EDCB223FBED900EE81A3 /* AKSubscriptTest.m in Sources */,
			);
			runOnlyForDeploymentPostprocessing = 0;
		};
		6A015C92225CF45500982E0D /* Sources */ = {
			isa = PBXSourcesBuildPhase;
			buildActionMask = 2147483647;
			files = (
				6A015CA0225CF45600982E0D /* ExtensionDelegate.m in Sources */,
				6A015CBE225DDE9A00982E0D /* AKExample.m in Sources */,
			);
			runOnlyForDeploymentPostprocessing = 0;
		};
		6A94075E225CB36900FEF073 /* Sources */ = {
			isa = PBXSourcesBuildPhase;
			buildActionMask = 2147483647;
			files = (
				6A015CBD225DDE9700982E0D /* AKExample.m in Sources */,
				6A940771225CB36B00FEF073 /* main.m in Sources */,
				6A940766225CB36A00FEF073 /* AKAppDelegate.m in Sources */,
			);
			runOnlyForDeploymentPostprocessing = 0;
		};
		6A940773225CB36C00FEF073 /* Sources */ = {
			isa = PBXSourcesBuildPhase;
			buildActionMask = 2147483647;
			files = (
				6A015CB3225DD5C000982E0D /* NSStringsConcatenationTest.m in Sources */,
				6A015CB4225DDAAA00982E0D /* AKListTest.m in Sources */,
				6A015CB5225DDAAD00982E0D /* AKSubscriptTest.m in Sources */,
			);
			runOnlyForDeploymentPostprocessing = 0;
		};
/* End PBXSourcesBuildPhase section */

/* Begin PBXTargetDependency section */
		6003F5B4195388D20070C39A /* PBXTargetDependency */ = {
			isa = PBXTargetDependency;
			target = 6003F589195388D20070C39A /* AnobiKit_Example_iOS */;
			targetProxy = 6003F5B3195388D20070C39A /* PBXContainerItemProxy */;
		};
		6A015C99225CF45600982E0D /* PBXTargetDependency */ = {
			isa = PBXTargetDependency;
			target = 6A015C95225CF45500982E0D /* AnobiKit_Example_watchOS Extension */;
			targetProxy = 6A015C98225CF45600982E0D /* PBXContainerItemProxy */;
		};
		6A015CA9225CF45700982E0D /* PBXTargetDependency */ = {
			isa = PBXTargetDependency;
			target = 6A015C89225CF45400982E0D /* AnobiKit_Example_watchOS */;
			targetProxy = 6A015CA8225CF45700982E0D /* PBXContainerItemProxy */;
		};
		6A940779225CB36C00FEF073 /* PBXTargetDependency */ = {
			isa = PBXTargetDependency;
			target = 6A940761225CB36900FEF073 /* AnobiKit_Example_macOS */;
			targetProxy = 6A940778225CB36C00FEF073 /* PBXContainerItemProxy */;
		};
/* End PBXTargetDependency section */

/* Begin PBXVariantGroup section */
		6003F596195388D20070C39A /* InfoPlist.strings */ = {
			isa = PBXVariantGroup;
			children = (
				6003F597195388D20070C39A /* en */,
			);
			name = InfoPlist.strings;
			sourceTree = "<group>";
		};
		6003F5B8195388D20070C39A /* InfoPlist.strings */ = {
			isa = PBXVariantGroup;
			children = (
				6003F5B9195388D20070C39A /* en */,
			);
			name = InfoPlist.strings;
			sourceTree = "<group>";
		};
		6A015C8C225CF45500982E0D /* Interface.storyboard */ = {
			isa = PBXVariantGroup;
			children = (
				6A015C8D225CF45500982E0D /* Base */,
			);
			name = Interface.storyboard;
			sourceTree = "<group>";
		};
		6A94076C225CB36B00FEF073 /* Main.storyboard */ = {
			isa = PBXVariantGroup;
			children = (
				6A94076D225CB36B00FEF073 /* Base */,
			);
			name = Main.storyboard;
			sourceTree = "<group>";
		};
		71719F9D1E33DC2100824A3D /* LaunchScreen.storyboard */ = {
			isa = PBXVariantGroup;
			children = (
				71719F9E1E33DC2100824A3D /* Base */,
			);
			name = LaunchScreen.storyboard;
			sourceTree = "<group>";
		};
/* End PBXVariantGroup section */

/* Begin XCBuildConfiguration section */
		6003F5BD195388D20070C39A /* Debug */ = {
			isa = XCBuildConfiguration;
			buildSettings = {
				ALWAYS_SEARCH_USER_PATHS = NO;
				CLANG_ANALYZER_LOCALIZABILITY_NONLOCALIZED = YES;
				CLANG_CXX_LANGUAGE_STANDARD = "gnu++0x";
				CLANG_CXX_LIBRARY = "libc++";
				CLANG_ENABLE_MODULES = YES;
				CLANG_ENABLE_OBJC_ARC = YES;
				CLANG_WARN_BLOCK_CAPTURE_AUTORELEASING = YES;
				CLANG_WARN_BOOL_CONVERSION = YES;
				CLANG_WARN_COMMA = YES;
				CLANG_WARN_CONSTANT_CONVERSION = YES;
				CLANG_WARN_DEPRECATED_OBJC_IMPLEMENTATIONS = YES;
				CLANG_WARN_DIRECT_OBJC_ISA_USAGE = YES_ERROR;
				CLANG_WARN_EMPTY_BODY = YES;
				CLANG_WARN_ENUM_CONVERSION = YES;
				CLANG_WARN_INFINITE_RECURSION = YES;
				CLANG_WARN_INT_CONVERSION = YES;
				CLANG_WARN_NON_LITERAL_NULL_CONVERSION = YES;
				CLANG_WARN_OBJC_IMPLICIT_RETAIN_SELF = YES;
				CLANG_WARN_OBJC_LITERAL_CONVERSION = YES;
				CLANG_WARN_OBJC_ROOT_CLASS = YES_ERROR;
				CLANG_WARN_RANGE_LOOP_ANALYSIS = YES;
				CLANG_WARN_STRICT_PROTOTYPES = YES;
				CLANG_WARN_SUSPICIOUS_MOVE = YES;
				CLANG_WARN_UNREACHABLE_CODE = YES;
				CLANG_WARN__DUPLICATE_METHOD_MATCH = YES;
				"CODE_SIGN_IDENTITY[sdk=iphoneos*]" = "iPhone Developer";
				COPY_PHASE_STRIP = NO;
				ENABLE_STRICT_OBJC_MSGSEND = YES;
				ENABLE_TESTABILITY = YES;
				GCC_C_LANGUAGE_STANDARD = gnu99;
				GCC_DYNAMIC_NO_PIC = NO;
				GCC_NO_COMMON_BLOCKS = YES;
				GCC_OPTIMIZATION_LEVEL = 0;
				GCC_PREPROCESSOR_DEFINITIONS = (
					"DEBUG=1",
					"$(inherited)",
				);
				GCC_SYMBOLS_PRIVATE_EXTERN = NO;
				GCC_WARN_64_TO_32_BIT_CONVERSION = YES;
				GCC_WARN_ABOUT_RETURN_TYPE = YES_ERROR;
				GCC_WARN_UNDECLARED_SELECTOR = YES;
				GCC_WARN_UNINITIALIZED_AUTOS = YES_AGGRESSIVE;
				GCC_WARN_UNUSED_FUNCTION = YES;
				GCC_WARN_UNUSED_VARIABLE = YES;
				IPHONEOS_DEPLOYMENT_TARGET = 9.3;
				MACOSX_DEPLOYMENT_TARGET = 10.12;
				ONLY_ACTIVE_ARCH = YES;
				SDKROOT = iphoneos;
				TARGETED_DEVICE_FAMILY = "1,2";
			};
			name = Debug;
		};
		6003F5BE195388D20070C39A /* Release */ = {
			isa = XCBuildConfiguration;
			buildSettings = {
				ALWAYS_SEARCH_USER_PATHS = NO;
				CLANG_ANALYZER_LOCALIZABILITY_NONLOCALIZED = YES;
				CLANG_CXX_LANGUAGE_STANDARD = "gnu++0x";
				CLANG_CXX_LIBRARY = "libc++";
				CLANG_ENABLE_MODULES = YES;
				CLANG_ENABLE_OBJC_ARC = YES;
				CLANG_WARN_BLOCK_CAPTURE_AUTORELEASING = YES;
				CLANG_WARN_BOOL_CONVERSION = YES;
				CLANG_WARN_COMMA = YES;
				CLANG_WARN_CONSTANT_CONVERSION = YES;
				CLANG_WARN_DEPRECATED_OBJC_IMPLEMENTATIONS = YES;
				CLANG_WARN_DIRECT_OBJC_ISA_USAGE = YES_ERROR;
				CLANG_WARN_EMPTY_BODY = YES;
				CLANG_WARN_ENUM_CONVERSION = YES;
				CLANG_WARN_INFINITE_RECURSION = YES;
				CLANG_WARN_INT_CONVERSION = YES;
				CLANG_WARN_NON_LITERAL_NULL_CONVERSION = YES;
				CLANG_WARN_OBJC_IMPLICIT_RETAIN_SELF = YES;
				CLANG_WARN_OBJC_LITERAL_CONVERSION = YES;
				CLANG_WARN_OBJC_ROOT_CLASS = YES_ERROR;
				CLANG_WARN_RANGE_LOOP_ANALYSIS = YES;
				CLANG_WARN_STRICT_PROTOTYPES = YES;
				CLANG_WARN_SUSPICIOUS_MOVE = YES;
				CLANG_WARN_UNREACHABLE_CODE = YES;
				CLANG_WARN__DUPLICATE_METHOD_MATCH = YES;
				"CODE_SIGN_IDENTITY[sdk=iphoneos*]" = "iPhone Developer";
				COPY_PHASE_STRIP = YES;
				ENABLE_NS_ASSERTIONS = NO;
				ENABLE_STRICT_OBJC_MSGSEND = YES;
				GCC_C_LANGUAGE_STANDARD = gnu99;
				GCC_NO_COMMON_BLOCKS = YES;
				GCC_WARN_64_TO_32_BIT_CONVERSION = YES;
				GCC_WARN_ABOUT_RETURN_TYPE = YES_ERROR;
				GCC_WARN_UNDECLARED_SELECTOR = YES;
				GCC_WARN_UNINITIALIZED_AUTOS = YES_AGGRESSIVE;
				GCC_WARN_UNUSED_FUNCTION = YES;
				GCC_WARN_UNUSED_VARIABLE = YES;
				IPHONEOS_DEPLOYMENT_TARGET = 9.3;
				MACOSX_DEPLOYMENT_TARGET = 10.12;
				ONLY_ACTIVE_ARCH = NO;
				SDKROOT = iphoneos;
				TARGETED_DEVICE_FAMILY = "1,2";
				VALIDATE_PRODUCT = YES;
			};
			name = Release;
		};
		6003F5C0195388D20070C39A /* Debug */ = {
			isa = XCBuildConfiguration;
			baseConfigurationReference = E3F036D60C4C1E5E4CA89438 /* Pods-AnobiKit_Example_iOS.debug.xcconfig */;
			buildSettings = {
				ASSETCATALOG_COMPILER_APPICON_NAME = AppIcon;
				GCC_PRECOMPILE_PREFIX_HEADER = YES;
				GCC_PREFIX_HEADER = Example/iOS/Prefix.pch;
				INFOPLIST_FILE = "$(SRCROOT)/Example/iOS/Info.plist";
				MODULE_NAME = ExampleApp;
				PRODUCT_BUNDLE_IDENTIFIER = "org.cocoapods.demo.AnobiKit-Example-iOS";
				PRODUCT_NAME = "$(TARGET_NAME)";
				WRAPPER_EXTENSION = app;
			};
			name = Debug;
		};
		6003F5C1195388D20070C39A /* Release */ = {
			isa = XCBuildConfiguration;
			baseConfigurationReference = 2B73284FC3CC1675FA95A4F4 /* Pods-AnobiKit_Example_iOS.release.xcconfig */;
			buildSettings = {
				ASSETCATALOG_COMPILER_APPICON_NAME = AppIcon;
				GCC_PRECOMPILE_PREFIX_HEADER = YES;
				GCC_PREFIX_HEADER = Example/iOS/Prefix.pch;
				INFOPLIST_FILE = "$(SRCROOT)/Example/iOS/Info.plist";
				MODULE_NAME = ExampleApp;
				PRODUCT_BUNDLE_IDENTIFIER = "org.cocoapods.demo.AnobiKit-Example-iOS";
				PRODUCT_NAME = "$(TARGET_NAME)";
				WRAPPER_EXTENSION = app;
			};
			name = Release;
		};
		6003F5C3195388D20070C39A /* Debug */ = {
			isa = XCBuildConfiguration;
			baseConfigurationReference = 50656D04AB5D7C24F41866F2 /* Pods-AnobiKit_Tests_iOS.debug.xcconfig */;
			buildSettings = {
				BUNDLE_LOADER = "$(TEST_HOST)";
				FRAMEWORK_SEARCH_PATHS = (
					"$(SDKROOT)/Developer/Library/Frameworks",
					"$(inherited)",
					"$(DEVELOPER_FRAMEWORKS_DIR)",
				);
				GCC_PRECOMPILE_PREFIX_HEADER = YES;
				GCC_PREFIX_HEADER = "Tests/Tests-Prefix.pch";
				GCC_PREPROCESSOR_DEFINITIONS = (
					"DEBUG=1",
					"$(inherited)",
				);
				INFOPLIST_FILE = "Tests/Tests-Info.plist";
				PRODUCT_BUNDLE_IDENTIFIER = "org.cocoapods.demo.${PRODUCT_NAME:rfc1034identifier}";
				PRODUCT_NAME = "$(TARGET_NAME)";
				TEST_HOST = "$(BUILT_PRODUCTS_DIR)/AnobiKit_Example_iOS.app/AnobiKit_Example_iOS";
				WRAPPER_EXTENSION = xctest;
			};
			name = Debug;
		};
		6003F5C4195388D20070C39A /* Release */ = {
			isa = XCBuildConfiguration;
			baseConfigurationReference = 7F52111CE324E268D4313C6F /* Pods-AnobiKit_Tests_iOS.release.xcconfig */;
			buildSettings = {
				BUNDLE_LOADER = "$(TEST_HOST)";
				FRAMEWORK_SEARCH_PATHS = (
					"$(SDKROOT)/Developer/Library/Frameworks",
					"$(inherited)",
					"$(DEVELOPER_FRAMEWORKS_DIR)",
				);
				GCC_PRECOMPILE_PREFIX_HEADER = YES;
				GCC_PREFIX_HEADER = "Tests/Tests-Prefix.pch";
				INFOPLIST_FILE = "Tests/Tests-Info.plist";
				PRODUCT_BUNDLE_IDENTIFIER = "org.cocoapods.demo.${PRODUCT_NAME:rfc1034identifier}";
				PRODUCT_NAME = "$(TARGET_NAME)";
				TEST_HOST = "$(BUILT_PRODUCTS_DIR)/AnobiKit_Example_iOS.app/AnobiKit_Example_iOS";
				WRAPPER_EXTENSION = xctest;
			};
			name = Release;
		};
		6A015CAB225CF45700982E0D /* Debug */ = {
			isa = XCBuildConfiguration;
			baseConfigurationReference = 48833BB802318479E0596D4A /* Pods-AnobiKit_Example_watchOS.debug.xcconfig */;
			buildSettings = {
				CLANG_ANALYZER_NONNULL = YES;
				CLANG_ANALYZER_NUMBER_OBJECT_CONVERSION = YES_AGGRESSIVE;
				CLANG_CXX_LANGUAGE_STANDARD = "gnu++14";
				CLANG_ENABLE_OBJC_WEAK = YES;
				CLANG_WARN_DOCUMENTATION_COMMENTS = YES;
				CLANG_WARN_UNGUARDED_AVAILABILITY = YES_AGGRESSIVE;
				CODE_SIGN_STYLE = Automatic;
				DEBUG_INFORMATION_FORMAT = dwarf;
				GCC_C_LANGUAGE_STANDARD = gnu11;
				IBSC_MODULE = Example_watchOS_Extension;
				INFOPLIST_FILE = "$(SRCROOT)/Example/watchOS/Info.plist";
				MTL_ENABLE_DEBUG_INFO = INCLUDE_SOURCE;
				MTL_FAST_MATH = YES;
				PRODUCT_BUNDLE_IDENTIFIER = "org.cocoapods.demo.AnobiKit-Example-iOS.watchkitapp";
				PRODUCT_NAME = "$(TARGET_NAME)";
				SDKROOT = watchos;
				SKIP_INSTALL = YES;
				TARGETED_DEVICE_FAMILY = 4;
				WATCHOS_DEPLOYMENT_TARGET = 5.2;
			};
			name = Debug;
		};
		6A015CAC225CF45700982E0D /* Release */ = {
			isa = XCBuildConfiguration;
			baseConfigurationReference = 8E2A55E681CA2738A2E74C75 /* Pods-AnobiKit_Example_watchOS.release.xcconfig */;
			buildSettings = {
				CLANG_ANALYZER_NONNULL = YES;
				CLANG_ANALYZER_NUMBER_OBJECT_CONVERSION = YES_AGGRESSIVE;
				CLANG_CXX_LANGUAGE_STANDARD = "gnu++14";
				CLANG_ENABLE_OBJC_WEAK = YES;
				CLANG_WARN_DOCUMENTATION_COMMENTS = YES;
				CLANG_WARN_UNGUARDED_AVAILABILITY = YES_AGGRESSIVE;
				CODE_SIGN_STYLE = Automatic;
				COPY_PHASE_STRIP = NO;
				DEBUG_INFORMATION_FORMAT = "dwarf-with-dsym";
				GCC_C_LANGUAGE_STANDARD = gnu11;
				IBSC_MODULE = Example_watchOS_Extension;
				INFOPLIST_FILE = "$(SRCROOT)/Example/watchOS/Info.plist";
				MTL_ENABLE_DEBUG_INFO = NO;
				MTL_FAST_MATH = YES;
				PRODUCT_BUNDLE_IDENTIFIER = "org.cocoapods.demo.AnobiKit-Example-iOS.watchkitapp";
				PRODUCT_NAME = "$(TARGET_NAME)";
				SDKROOT = watchos;
				SKIP_INSTALL = YES;
				TARGETED_DEVICE_FAMILY = 4;
				WATCHOS_DEPLOYMENT_TARGET = 5.2;
			};
			name = Release;
		};
		6A015CAD225CF45700982E0D /* Debug */ = {
			isa = XCBuildConfiguration;
			baseConfigurationReference = D3D654DCB64F06250E4743C3 /* Pods-AnobiKit_Example_watchOS Extension.debug.xcconfig */;
			buildSettings = {
				ASSETCATALOG_COMPILER_COMPLICATION_NAME = Complication;
				CLANG_ANALYZER_NONNULL = YES;
				CLANG_ANALYZER_NUMBER_OBJECT_CONVERSION = YES_AGGRESSIVE;
				CLANG_CXX_LANGUAGE_STANDARD = "gnu++14";
				CLANG_ENABLE_OBJC_WEAK = YES;
				CLANG_WARN_DOCUMENTATION_COMMENTS = YES;
				CLANG_WARN_UNGUARDED_AVAILABILITY = YES_AGGRESSIVE;
				CODE_SIGN_STYLE = Automatic;
				DEBUG_INFORMATION_FORMAT = dwarf;
				GCC_C_LANGUAGE_STANDARD = gnu11;
				INFOPLIST_FILE = "$(SRCROOT)/Example/watchOS Extension/Info.plist";
				LD_RUNPATH_SEARCH_PATHS = (
					"$(inherited)",
					"@executable_path/Frameworks",
					"@executable_path/../../Frameworks",
				);
				MTL_ENABLE_DEBUG_INFO = INCLUDE_SOURCE;
				MTL_FAST_MATH = YES;
				PRODUCT_BUNDLE_IDENTIFIER = "org.cocoapods.demo.AnobiKit-Example-iOS.watchkitapp.watchkitextension";
				PRODUCT_NAME = "${TARGET_NAME}";
				SDKROOT = watchos;
				SKIP_INSTALL = YES;
				TARGETED_DEVICE_FAMILY = 4;
				WATCHOS_DEPLOYMENT_TARGET = 5.2;
			};
			name = Debug;
		};
		6A015CAE225CF45700982E0D /* Release */ = {
			isa = XCBuildConfiguration;
			baseConfigurationReference = 056E9B7084004F375EFC6604 /* Pods-AnobiKit_Example_watchOS Extension.release.xcconfig */;
			buildSettings = {
				ASSETCATALOG_COMPILER_COMPLICATION_NAME = Complication;
				CLANG_ANALYZER_NONNULL = YES;
				CLANG_ANALYZER_NUMBER_OBJECT_CONVERSION = YES_AGGRESSIVE;
				CLANG_CXX_LANGUAGE_STANDARD = "gnu++14";
				CLANG_ENABLE_OBJC_WEAK = YES;
				CLANG_WARN_DOCUMENTATION_COMMENTS = YES;
				CLANG_WARN_UNGUARDED_AVAILABILITY = YES_AGGRESSIVE;
				CODE_SIGN_STYLE = Automatic;
				COPY_PHASE_STRIP = NO;
				DEBUG_INFORMATION_FORMAT = "dwarf-with-dsym";
				GCC_C_LANGUAGE_STANDARD = gnu11;
				INFOPLIST_FILE = "$(SRCROOT)/Example/watchOS Extension/Info.plist";
				LD_RUNPATH_SEARCH_PATHS = (
					"$(inherited)",
					"@executable_path/Frameworks",
					"@executable_path/../../Frameworks",
				);
				MTL_ENABLE_DEBUG_INFO = NO;
				MTL_FAST_MATH = YES;
				PRODUCT_BUNDLE_IDENTIFIER = "org.cocoapods.demo.AnobiKit-Example-iOS.watchkitapp.watchkitextension";
				PRODUCT_NAME = "${TARGET_NAME}";
				SDKROOT = watchos;
				SKIP_INSTALL = YES;
				TARGETED_DEVICE_FAMILY = 4;
				WATCHOS_DEPLOYMENT_TARGET = 5.2;
			};
			name = Release;
		};
		6A94077F225CB36C00FEF073 /* Debug */ = {
			isa = XCBuildConfiguration;
			baseConfigurationReference = D5E552B8AB1C87E83612D87E /* Pods-AnobiKit_Example_macOS.debug.xcconfig */;
			buildSettings = {
				CLANG_ANALYZER_NONNULL = YES;
				CLANG_ANALYZER_NUMBER_OBJECT_CONVERSION = YES_AGGRESSIVE;
				CLANG_CXX_LANGUAGE_STANDARD = "gnu++14";
				CLANG_ENABLE_OBJC_WEAK = YES;
				CLANG_WARN_DOCUMENTATION_COMMENTS = YES;
				CLANG_WARN_UNGUARDED_AVAILABILITY = YES_AGGRESSIVE;
				CODE_SIGN_ENTITLEMENTS = Example/macOS/AnobiKit_Example_macOS.entitlements;
				CODE_SIGN_IDENTITY = "-";
				CODE_SIGN_STYLE = Manual;
				COMBINE_HIDPI_IMAGES = YES;
				DEBUG_INFORMATION_FORMAT = dwarf;
				DEVELOPMENT_TEAM = "";
				GCC_C_LANGUAGE_STANDARD = gnu11;
				INFOPLIST_FILE = "$(SRCROOT)/Example/macOS/Info.plist";
				LD_RUNPATH_SEARCH_PATHS = (
					"$(inherited)",
					"@executable_path/../Frameworks",
				);
				MACOSX_DEPLOYMENT_TARGET = 10.12;
				MTL_ENABLE_DEBUG_INFO = INCLUDE_SOURCE;
				MTL_FAST_MATH = YES;
				PRODUCT_BUNDLE_IDENTIFIER = "org.cocoapods.demo.AnobiKit-Example-macOS";
				PRODUCT_NAME = "$(TARGET_NAME)";
				PROVISIONING_PROFILE_SPECIFIER = "";
				SDKROOT = macosx;
			};
			name = Debug;
		};
		6A940780225CB36C00FEF073 /* Release */ = {
			isa = XCBuildConfiguration;
			baseConfigurationReference = 757DC024D75DB21ACCA256C2 /* Pods-AnobiKit_Example_macOS.release.xcconfig */;
			buildSettings = {
				CLANG_ANALYZER_NONNULL = YES;
				CLANG_ANALYZER_NUMBER_OBJECT_CONVERSION = YES_AGGRESSIVE;
				CLANG_CXX_LANGUAGE_STANDARD = "gnu++14";
				CLANG_ENABLE_OBJC_WEAK = YES;
				CLANG_WARN_DOCUMENTATION_COMMENTS = YES;
				CLANG_WARN_UNGUARDED_AVAILABILITY = YES_AGGRESSIVE;
				CODE_SIGN_ENTITLEMENTS = Example/macOS/AnobiKit_Example_macOS.entitlements;
				CODE_SIGN_IDENTITY = "-";
				CODE_SIGN_STYLE = Manual;
				COMBINE_HIDPI_IMAGES = YES;
				COPY_PHASE_STRIP = NO;
				DEBUG_INFORMATION_FORMAT = "dwarf-with-dsym";
				DEVELOPMENT_TEAM = "";
				GCC_C_LANGUAGE_STANDARD = gnu11;
				INFOPLIST_FILE = "$(SRCROOT)/Example/macOS/Info.plist";
				LD_RUNPATH_SEARCH_PATHS = (
					"$(inherited)",
					"@executable_path/../Frameworks",
				);
				MACOSX_DEPLOYMENT_TARGET = 10.12;
				MTL_ENABLE_DEBUG_INFO = NO;
				MTL_FAST_MATH = YES;
				PRODUCT_BUNDLE_IDENTIFIER = "org.cocoapods.demo.AnobiKit-Example-macOS";
				PRODUCT_NAME = "$(TARGET_NAME)";
				PROVISIONING_PROFILE_SPECIFIER = "";
				SDKROOT = macosx;
			};
			name = Release;
		};
		6A940782225CB36C00FEF073 /* Debug */ = {
			isa = XCBuildConfiguration;
			baseConfigurationReference = 66CCD5051E7B36D66D84737D /* Pods-AnobiKit_Tests_macOS.debug.xcconfig */;
			buildSettings = {
				BUNDLE_LOADER = "$(TEST_HOST)";
				CLANG_ANALYZER_NONNULL = YES;
				CLANG_ANALYZER_NUMBER_OBJECT_CONVERSION = YES_AGGRESSIVE;
				CLANG_CXX_LANGUAGE_STANDARD = "gnu++14";
				CLANG_ENABLE_OBJC_WEAK = YES;
				CLANG_WARN_DOCUMENTATION_COMMENTS = YES;
				CLANG_WARN_UNGUARDED_AVAILABILITY = YES_AGGRESSIVE;
				CODE_SIGN_IDENTITY = "-";
				CODE_SIGN_STYLE = Manual;
				COMBINE_HIDPI_IMAGES = YES;
				DEBUG_INFORMATION_FORMAT = dwarf;
				DEVELOPMENT_TEAM = "";
				GCC_C_LANGUAGE_STANDARD = gnu11;
				INFOPLIST_FILE = Example_macOSTests/Info.plist;
				LD_RUNPATH_SEARCH_PATHS = (
					"$(inherited)",
					"@executable_path/../Frameworks",
					"@loader_path/../Frameworks",
				);
				MACOSX_DEPLOYMENT_TARGET = 10.14;
				MTL_ENABLE_DEBUG_INFO = INCLUDE_SOURCE;
				MTL_FAST_MATH = YES;
				PRODUCT_BUNDLE_IDENTIFIER = "com.digital-ecosystems.Example-macOSTests";
				PRODUCT_NAME = "$(TARGET_NAME)";
				PROVISIONING_PROFILE_SPECIFIER = "";
				SDKROOT = macosx;
				TEST_HOST = "$(BUILT_PRODUCTS_DIR)/AnobiKit_Example_macOS.app/Contents/MacOS/AnobiKit_Example_macOS";
			};
			name = Debug;
		};
		6A940783225CB36C00FEF073 /* Release */ = {
			isa = XCBuildConfiguration;
			baseConfigurationReference = 36AE0DF45D6BD35B101907AE /* Pods-AnobiKit_Tests_macOS.release.xcconfig */;
			buildSettings = {
				BUNDLE_LOADER = "$(TEST_HOST)";
				CLANG_ANALYZER_NONNULL = YES;
				CLANG_ANALYZER_NUMBER_OBJECT_CONVERSION = YES_AGGRESSIVE;
				CLANG_CXX_LANGUAGE_STANDARD = "gnu++14";
				CLANG_ENABLE_OBJC_WEAK = YES;
				CLANG_WARN_DOCUMENTATION_COMMENTS = YES;
				CLANG_WARN_UNGUARDED_AVAILABILITY = YES_AGGRESSIVE;
				CODE_SIGN_IDENTITY = "-";
				CODE_SIGN_STYLE = Manual;
				COMBINE_HIDPI_IMAGES = YES;
				COPY_PHASE_STRIP = NO;
				DEBUG_INFORMATION_FORMAT = "dwarf-with-dsym";
				DEVELOPMENT_TEAM = "";
				GCC_C_LANGUAGE_STANDARD = gnu11;
				INFOPLIST_FILE = Example_macOSTests/Info.plist;
				LD_RUNPATH_SEARCH_PATHS = (
					"$(inherited)",
					"@executable_path/../Frameworks",
					"@loader_path/../Frameworks",
				);
				MACOSX_DEPLOYMENT_TARGET = 10.14;
				MTL_ENABLE_DEBUG_INFO = NO;
				MTL_FAST_MATH = YES;
				PRODUCT_BUNDLE_IDENTIFIER = "com.digital-ecosystems.Example-macOSTests";
				PRODUCT_NAME = "$(TARGET_NAME)";
				PROVISIONING_PROFILE_SPECIFIER = "";
				SDKROOT = macosx;
				TEST_HOST = "$(BUILT_PRODUCTS_DIR)/AnobiKit_Example_macOS.app/Contents/MacOS/AnobiKit_Example_macOS";
			};
			name = Release;
		};
/* End XCBuildConfiguration section */

/* Begin XCConfigurationList section */
		6003F585195388D10070C39A /* Build configuration list for PBXProject "AnobiKit" */ = {
			isa = XCConfigurationList;
			buildConfigurations = (
				6003F5BD195388D20070C39A /* Debug */,
				6003F5BE195388D20070C39A /* Release */,
			);
			defaultConfigurationIsVisible = 0;
			defaultConfigurationName = Release;
		};
		6003F5BF195388D20070C39A /* Build configuration list for PBXNativeTarget "AnobiKit_Example_iOS" */ = {
			isa = XCConfigurationList;
			buildConfigurations = (
				6003F5C0195388D20070C39A /* Debug */,
				6003F5C1195388D20070C39A /* Release */,
			);
			defaultConfigurationIsVisible = 0;
			defaultConfigurationName = Release;
		};
		6003F5C2195388D20070C39A /* Build configuration list for PBXNativeTarget "AnobiKit_Tests_iOS" */ = {
			isa = XCConfigurationList;
			buildConfigurations = (
				6003F5C3195388D20070C39A /* Debug */,
				6003F5C4195388D20070C39A /* Release */,
			);
			defaultConfigurationIsVisible = 0;
			defaultConfigurationName = Release;
		};
		6A015CAF225CF45700982E0D /* Build configuration list for PBXNativeTarget "AnobiKit_Example_watchOS Extension" */ = {
			isa = XCConfigurationList;
			buildConfigurations = (
				6A015CAD225CF45700982E0D /* Debug */,
				6A015CAE225CF45700982E0D /* Release */,
			);
			defaultConfigurationIsVisible = 0;
			defaultConfigurationName = Release;
		};
		6A015CB1225CF45700982E0D /* Build configuration list for PBXNativeTarget "AnobiKit_Example_watchOS" */ = {
			isa = XCConfigurationList;
			buildConfigurations = (
				6A015CAB225CF45700982E0D /* Debug */,
				6A015CAC225CF45700982E0D /* Release */,
			);
			defaultConfigurationIsVisible = 0;
			defaultConfigurationName = Release;
		};
		6A94077E225CB36C00FEF073 /* Build configuration list for PBXNativeTarget "AnobiKit_Example_macOS" */ = {
			isa = XCConfigurationList;
			buildConfigurations = (
				6A94077F225CB36C00FEF073 /* Debug */,
				6A940780225CB36C00FEF073 /* Release */,
			);
			defaultConfigurationIsVisible = 0;
			defaultConfigurationName = Release;
		};
		6A940781225CB36C00FEF073 /* Build configuration list for PBXNativeTarget "AnobiKit_Tests_macOS" */ = {
			isa = XCConfigurationList;
			buildConfigurations = (
				6A940782225CB36C00FEF073 /* Debug */,
				6A940783225CB36C00FEF073 /* Release */,
			);
			defaultConfigurationIsVisible = 0;
			defaultConfigurationName = Release;
		};
/* End XCConfigurationList section */
	};
	rootObject = 6003F582195388D10070C39A /* Project object */;
}
